// !$*UTF8*$!
{
	archiveVersion = 1;
	classes = {
	};
	objectVersion = 50;
	objects = {

/* Begin PBXBuildFile section */
		85D46EF72529BAF800462A6D /* AppDelegate.swift in Sources */ = {isa = PBXBuildFile; fileRef = 85D46EF62529BAF800462A6D /* AppDelegate.swift */; };
		85D46EF92529BAF800462A6D /* SceneDelegate.swift in Sources */ = {isa = PBXBuildFile; fileRef = 85D46EF82529BAF800462A6D /* SceneDelegate.swift */; };
		85D46EFB2529BAF800462A6D /* ListViewController.swift in Sources */ = {isa = PBXBuildFile; fileRef = 85D46EFA2529BAF800462A6D /* ListViewController.swift */; };
		85D46EFE2529BAF800462A6D /* Main.storyboard in Resources */ = {isa = PBXBuildFile; fileRef = 85D46EFC2529BAF800462A6D /* Main.storyboard */; };
		85D46F002529BAFE00462A6D /* Assets.xcassets in Resources */ = {isa = PBXBuildFile; fileRef = 85D46EFF2529BAFE00462A6D /* Assets.xcassets */; };
		85D46F032529BAFE00462A6D /* LaunchScreen.storyboard in Resources */ = {isa = PBXBuildFile; fileRef = 85D46F012529BAFE00462A6D /* LaunchScreen.storyboard */; };
		85D46F0E2529BAFE00462A6D /* DemoMVVMTests.swift in Sources */ = {isa = PBXBuildFile; fileRef = 85D46F0D2529BAFE00462A6D /* DemoMVVMTests.swift */; };
		85D46F192529BB5100462A6D /* UserService.swift in Sources */ = {isa = PBXBuildFile; fileRef = 85D46F182529BB5100462A6D /* UserService.swift */; };
		85D46F1B2529BE9900462A6D /* User.swift in Sources */ = {isa = PBXBuildFile; fileRef = 85D46F1A2529BE9900462A6D /* User.swift */; };
		85D46F1D2529BF5B00462A6D /* UserViewModel.swift in Sources */ = {isa = PBXBuildFile; fileRef = 85D46F1C2529BF5B00462A6D /* UserViewModel.swift */; };
		85D46F202529DE7D00462A6D /* UserListTableViewCell.swift in Sources */ = {isa = PBXBuildFile; fileRef = 85D46F1E2529C32000462A6D /* UserListTableViewCell.swift */; };
		85D46F22252A172500462A6D /* Dynamic.swift in Sources */ = {isa = PBXBuildFile; fileRef = 85D46F21252A172500462A6D /* Dynamic.swift */; };
		85D46F24252A1C0200462A6D /* DetailViewController.swift in Sources */ = {isa = PBXBuildFile; fileRef = 85D46F23252A1C0200462A6D /* DetailViewController.swift */; };
		85D46F27252A344000462A6D /* MockUser.swift in Sources */ = {isa = PBXBuildFile; fileRef = 85D46F26252A344000462A6D /* MockUser.swift */; };
/* End PBXBuildFile section */

/* Begin PBXContainerItemProxy section */
		85D46F0A2529BAFE00462A6D /* PBXContainerItemProxy */ = {
			isa = PBXContainerItemProxy;
			containerPortal = 85D46EEB2529BAF800462A6D /* Project object */;
			proxyType = 1;
			remoteGlobalIDString = 85D46EF22529BAF800462A6D;
			remoteInfo = DemoMVVM;
		};
/* End PBXContainerItemProxy section */

/* Begin PBXFileReference section */
		85D46EF32529BAF800462A6D /* DemoMVVM.app */ = {isa = PBXFileReference; explicitFileType = wrapper.application; includeInIndex = 0; path = DemoMVVM.app; sourceTree = BUILT_PRODUCTS_DIR; };
		85D46EF62529BAF800462A6D /* AppDelegate.swift */ = {isa = PBXFileReference; lastKnownFileType = sourcecode.swift; path = AppDelegate.swift; sourceTree = "<group>"; };
		85D46EF82529BAF800462A6D /* SceneDelegate.swift */ = {isa = PBXFileReference; lastKnownFileType = sourcecode.swift; path = SceneDelegate.swift; sourceTree = "<group>"; };
		85D46EFA2529BAF800462A6D /* ListViewController.swift */ = {isa = PBXFileReference; lastKnownFileType = sourcecode.swift; path = ListViewController.swift; sourceTree = "<group>"; };
		85D46EFD2529BAF800462A6D /* Base */ = {isa = PBXFileReference; lastKnownFileType = file.storyboard; name = Base; path = Base.lproj/Main.storyboard; sourceTree = "<group>"; };
		85D46EFF2529BAFE00462A6D /* Assets.xcassets */ = {isa = PBXFileReference; lastKnownFileType = folder.assetcatalog; path = Assets.xcassets; sourceTree = "<group>"; };
		85D46F022529BAFE00462A6D /* Base */ = {isa = PBXFileReference; lastKnownFileType = file.storyboard; name = Base; path = Base.lproj/LaunchScreen.storyboard; sourceTree = "<group>"; };
		85D46F042529BAFE00462A6D /* Info.plist */ = {isa = PBXFileReference; lastKnownFileType = text.plist.xml; path = Info.plist; sourceTree = "<group>"; };
		85D46F092529BAFE00462A6D /* DemoMVVMTests.xctest */ = {isa = PBXFileReference; explicitFileType = wrapper.cfbundle; includeInIndex = 0; path = DemoMVVMTests.xctest; sourceTree = BUILT_PRODUCTS_DIR; };
		85D46F0D2529BAFE00462A6D /* DemoMVVMTests.swift */ = {isa = PBXFileReference; lastKnownFileType = sourcecode.swift; path = DemoMVVMTests.swift; sourceTree = "<group>"; };
		85D46F0F2529BAFE00462A6D /* Info.plist */ = {isa = PBXFileReference; lastKnownFileType = text.plist.xml; path = Info.plist; sourceTree = "<group>"; };
		85D46F182529BB5100462A6D /* UserService.swift */ = {isa = PBXFileReference; lastKnownFileType = sourcecode.swift; path = UserService.swift; sourceTree = "<group>"; };
		85D46F1A2529BE9900462A6D /* User.swift */ = {isa = PBXFileReference; lastKnownFileType = sourcecode.swift; path = User.swift; sourceTree = "<group>"; };
		85D46F1C2529BF5B00462A6D /* UserViewModel.swift */ = {isa = PBXFileReference; lastKnownFileType = sourcecode.swift; path = UserViewModel.swift; sourceTree = "<group>"; };
		85D46F1E2529C32000462A6D /* UserListTableViewCell.swift */ = {isa = PBXFileReference; lastKnownFileType = sourcecode.swift; path = UserListTableViewCell.swift; sourceTree = "<group>"; };
		85D46F21252A172500462A6D /* Dynamic.swift */ = {isa = PBXFileReference; lastKnownFileType = sourcecode.swift; path = Dynamic.swift; sourceTree = "<group>"; };
		85D46F23252A1C0200462A6D /* DetailViewController.swift */ = {isa = PBXFileReference; lastKnownFileType = sourcecode.swift; path = DetailViewController.swift; sourceTree = "<group>"; };
		85D46F26252A344000462A6D /* MockUser.swift */ = {isa = PBXFileReference; lastKnownFileType = sourcecode.swift; path = MockUser.swift; sourceTree = "<group>"; };
/* End PBXFileReference section */

/* Begin PBXFrameworksBuildPhase section */
		85D46EF02529BAF800462A6D /* Frameworks */ = {
			isa = PBXFrameworksBuildPhase;
			buildActionMask = 2147483647;
			files = (
			);
			runOnlyForDeploymentPostprocessing = 0;
		};
		85D46F062529BAFE00462A6D /* Frameworks */ = {
			isa = PBXFrameworksBuildPhase;
			buildActionMask = 2147483647;
			files = (
			);
			runOnlyForDeploymentPostprocessing = 0;
		};
/* End PBXFrameworksBuildPhase section */

/* Begin PBXGroup section */
		85D46EEA2529BAF800462A6D = {
			isa = PBXGroup;
			children = (
				85D46EF52529BAF800462A6D /* DemoMVVM */,
				85D46F0C2529BAFE00462A6D /* DemoMVVMTests */,
				85D46EF42529BAF800462A6D /* Products */,
			);
			sourceTree = "<group>";
		};
		85D46EF42529BAF800462A6D /* Products */ = {
			isa = PBXGroup;
			children = (
				85D46EF32529BAF800462A6D /* DemoMVVM.app */,
				85D46F092529BAFE00462A6D /* DemoMVVMTests.xctest */,
			);
			name = Products;
			sourceTree = "<group>";
		};
		85D46EF52529BAF800462A6D /* DemoMVVM */ = {
			isa = PBXGroup;
			children = (
				85D46F25252A1C0A00462A6D /* Views */,
				85D46EF62529BAF800462A6D /* AppDelegate.swift */,
				85D46EF82529BAF800462A6D /* SceneDelegate.swift */,
				85D46EFF2529BAFE00462A6D /* Assets.xcassets */,
				85D46F042529BAFE00462A6D /* Info.plist */,
				85D46F182529BB5100462A6D /* UserService.swift */,
				85D46F1A2529BE9900462A6D /* User.swift */,
				85D46F1C2529BF5B00462A6D /* UserViewModel.swift */,
				85D46F21252A172500462A6D /* Dynamic.swift */,
			);
			path = DemoMVVM;
			sourceTree = "<group>";
		};
		85D46F0C2529BAFE00462A6D /* DemoMVVMTests */ = {
			isa = PBXGroup;
			children = (
				85D46F0D2529BAFE00462A6D /* DemoMVVMTests.swift */,
				85D46F26252A344000462A6D /* MockUser.swift */,
				85D46F0F2529BAFE00462A6D /* Info.plist */,
			);
			path = DemoMVVMTests;
			sourceTree = "<group>";
		};
		85D46F25252A1C0A00462A6D /* Views */ = {
			isa = PBXGroup;
			children = (
				85D46EFC2529BAF800462A6D /* Main.storyboard */,
				85D46F012529BAFE00462A6D /* LaunchScreen.storyboard */,
				85D46EFA2529BAF800462A6D /* ListViewController.swift */,
				85D46F1E2529C32000462A6D /* UserListTableViewCell.swift */,
				85D46F23252A1C0200462A6D /* DetailViewController.swift */,
			);
			path = Views;
			sourceTree = "<group>";
		};
/* End PBXGroup section */

/* Begin PBXNativeTarget section */
		85D46EF22529BAF800462A6D /* DemoMVVM */ = {
			isa = PBXNativeTarget;
			buildConfigurationList = 85D46F122529BAFE00462A6D /* Build configuration list for PBXNativeTarget "DemoMVVM" */;
			buildPhases = (
				85D46EEF2529BAF800462A6D /* Sources */,
				85D46EF02529BAF800462A6D /* Frameworks */,
				85D46EF12529BAF800462A6D /* Resources */,
			);
			buildRules = (
			);
			dependencies = (
			);
			name = DemoMVVM;
			productName = DemoMVVM;
			productReference = 85D46EF32529BAF800462A6D /* DemoMVVM.app */;
			productType = "com.apple.product-type.application";
		};
		85D46F082529BAFE00462A6D /* DemoMVVMTests */ = {
			isa = PBXNativeTarget;
			buildConfigurationList = 85D46F152529BAFE00462A6D /* Build configuration list for PBXNativeTarget "DemoMVVMTests" */;
			buildPhases = (
				85D46F052529BAFE00462A6D /* Sources */,
				85D46F062529BAFE00462A6D /* Frameworks */,
				85D46F072529BAFE00462A6D /* Resources */,
			);
			buildRules = (
			);
			dependencies = (
				85D46F0B2529BAFE00462A6D /* PBXTargetDependency */,
			);
			name = DemoMVVMTests;
			productName = DemoMVVMTests;
			productReference = 85D46F092529BAFE00462A6D /* DemoMVVMTests.xctest */;
			productType = "com.apple.product-type.bundle.unit-test";
		};
/* End PBXNativeTarget section */

/* Begin PBXProject section */
		85D46EEB2529BAF800462A6D /* Project object */ = {
			isa = PBXProject;
			attributes = {
				LastSwiftUpdateCheck = 1160;
				LastUpgradeCheck = 1160;
				ORGANIZATIONNAME = Github;
				TargetAttributes = {
					85D46EF22529BAF800462A6D = {
						CreatedOnToolsVersion = 11.6;
					};
					85D46F082529BAFE00462A6D = {
						CreatedOnToolsVersion = 11.6;
						TestTargetID = 85D46EF22529BAF800462A6D;
					};
				};
			};
			buildConfigurationList = 85D46EEE2529BAF800462A6D /* Build configuration list for PBXProject "DemoMVVM" */;
			compatibilityVersion = "Xcode 9.3";
			developmentRegion = en;
			hasScannedForEncodings = 0;
			knownRegions = (
				en,
				Base,
			);
			mainGroup = 85D46EEA2529BAF800462A6D;
			productRefGroup = 85D46EF42529BAF800462A6D /* Products */;
			projectDirPath = "";
			projectRoot = "";
			targets = (
				85D46EF22529BAF800462A6D /* DemoMVVM */,
				85D46F082529BAFE00462A6D /* DemoMVVMTests */,
			);
		};
/* End PBXProject section */

/* Begin PBXResourcesBuildPhase section */
		85D46EF12529BAF800462A6D /* Resources */ = {
			isa = PBXResourcesBuildPhase;
			buildActionMask = 2147483647;
			files = (
				85D46F032529BAFE00462A6D /* LaunchScreen.storyboard in Resources */,
				85D46F002529BAFE00462A6D /* Assets.xcassets in Resources */,
				85D46EFE2529BAF800462A6D /* Main.storyboard in Resources */,
			);
			runOnlyForDeploymentPostprocessing = 0;
		};
		85D46F072529BAFE00462A6D /* Resources */ = {
			isa = PBXResourcesBuildPhase;
			buildActionMask = 2147483647;
			files = (
			);
			runOnlyForDeploymentPostprocessing = 0;
		};
/* End PBXResourcesBuildPhase section */

/* Begin PBXSourcesBuildPhase section */
		85D46EEF2529BAF800462A6D /* Sources */ = {
			isa = PBXSourcesBuildPhase;
			buildActionMask = 2147483647;
			files = (
				85D46F24252A1C0200462A6D /* DetailViewController.swift in Sources */,
				85D46EFB2529BAF800462A6D /* ListViewController.swift in Sources */,
				85D46F1D2529BF5B00462A6D /* UserViewModel.swift in Sources */,
				85D46F192529BB5100462A6D /* UserService.swift in Sources */,
				85D46EF72529BAF800462A6D /* AppDelegate.swift in Sources */,
				85D46F1B2529BE9900462A6D /* User.swift in Sources */,
				85D46F22252A172500462A6D /* Dynamic.swift in Sources */,
				85D46EF92529BAF800462A6D /* SceneDelegate.swift in Sources */,
				85D46F202529DE7D00462A6D /* UserListTableViewCell.swift in Sources */,
			);
			runOnlyForDeploymentPostprocessing = 0;
		};
		85D46F052529BAFE00462A6D /* Sources */ = {
			isa = PBXSourcesBuildPhase;
			buildActionMask = 2147483647;
			files = (
				85D46F27252A344000462A6D /* MockUser.swift in Sources */,
				85D46F0E2529BAFE00462A6D /* DemoMVVMTests.swift in Sources */,
			);
			runOnlyForDeploymentPostprocessing = 0;
		};
/* End PBXSourcesBuildPhase section */

/* Begin PBXTargetDependency section */
		85D46F0B2529BAFE00462A6D /* PBXTargetDependency */ = {
			isa = PBXTargetDependency;
			target = 85D46EF22529BAF800462A6D /* DemoMVVM */;
			targetProxy = 85D46F0A2529BAFE00462A6D /* PBXContainerItemProxy */;
		};
/* End PBXTargetDependency section */

/* Begin PBXVariantGroup section */
		85D46EFC2529BAF800462A6D /* Main.storyboard */ = {
			isa = PBXVariantGroup;
			children = (
				85D46EFD2529BAF800462A6D /* Base */,
			);
			name = Main.storyboard;
			sourceTree = "<group>";
		};
		85D46F012529BAFE00462A6D /* LaunchScreen.storyboard */ = {
			isa = PBXVariantGroup;
			children = (
				85D46F022529BAFE00462A6D /* Base */,
			);
			name = LaunchScreen.storyboard;
			sourceTree = "<group>";
		};
/* End PBXVariantGroup section */

/* Begin XCBuildConfiguration section */
		85D46F102529BAFE00462A6D /* Debug */ = {
			isa = XCBuildConfiguration;
			buildSettings = {
				ALWAYS_SEARCH_USER_PATHS = NO;
				CLANG_ANALYZER_NONNULL = YES;
				CLANG_ANALYZER_NUMBER_OBJECT_CONVERSION = YES_AGGRESSIVE;
				CLANG_CXX_LANGUAGE_STANDARD = "gnu++14";
				CLANG_CXX_LIBRARY = "libc++";
				CLANG_ENABLE_MODULES = YES;
				CLANG_ENABLE_OBJC_ARC = YES;
				CLANG_ENABLE_OBJC_WEAK = YES;
				CLANG_WARN_BLOCK_CAPTURE_AUTORELEASING = YES;
				CLANG_WARN_BOOL_CONVERSION = YES;
				CLANG_WARN_COMMA = YES;
				CLANG_WARN_CONSTANT_CONVERSION = YES;
				CLANG_WARN_DEPRECATED_OBJC_IMPLEMENTATIONS = YES;
				CLANG_WARN_DIRECT_OBJC_ISA_USAGE = YES_ERROR;
				CLANG_WARN_DOCUMENTATION_COMMENTS = YES;
				CLANG_WARN_EMPTY_BODY = YES;
				CLANG_WARN_ENUM_CONVERSION = YES;
				CLANG_WARN_INFINITE_RECURSION = YES;
				CLANG_WARN_INT_CONVERSION = YES;
				CLANG_WARN_NON_LITERAL_NULL_CONVERSION = YES;
				CLANG_WARN_OBJC_IMPLICIT_RETAIN_SELF = YES;
				CLANG_WARN_OBJC_LITERAL_CONVERSION = YES;
				CLANG_WARN_OBJC_ROOT_CLASS = YES_ERROR;
				CLANG_WARN_RANGE_LOOP_ANALYSIS = YES;
				CLANG_WARN_STRICT_PROTOTYPES = YES;
				CLANG_WARN_SUSPICIOUS_MOVE = YES;
				CLANG_WARN_UNGUARDED_AVAILABILITY = YES_AGGRESSIVE;
				CLANG_WARN_UNREACHABLE_CODE = YES;
				CLANG_WARN__DUPLICATE_METHOD_MATCH = YES;
				COPY_PHASE_STRIP = NO;
				DEBUG_INFORMATION_FORMAT = dwarf;
				ENABLE_STRICT_OBJC_MSGSEND = YES;
				ENABLE_TESTABILITY = YES;
				GCC_C_LANGUAGE_STANDARD = gnu11;
				GCC_DYNAMIC_NO_PIC = NO;
				GCC_NO_COMMON_BLOCKS = YES;
				GCC_OPTIMIZATION_LEVEL = 0;
				GCC_PREPROCESSOR_DEFINITIONS = (
					"DEBUG=1",
					"$(inherited)",
				);
				GCC_WARN_64_TO_32_BIT_CONVERSION = YES;
				GCC_WARN_ABOUT_RETURN_TYPE = YES_ERROR;
				GCC_WARN_UNDECLARED_SELECTOR = YES;
				GCC_WARN_UNINITIALIZED_AUTOS = YES_AGGRESSIVE;
				GCC_WARN_UNUSED_FUNCTION = YES;
				GCC_WARN_UNUSED_VARIABLE = YES;
				IPHONEOS_DEPLOYMENT_TARGET = 13.6;
				MTL_ENABLE_DEBUG_INFO = INCLUDE_SOURCE;
				MTL_FAST_MATH = YES;
				ONLY_ACTIVE_ARCH = YES;
				SDKROOT = iphoneos;
				SWIFT_ACTIVE_COMPILATION_CONDITIONS = DEBUG;
				SWIFT_OPTIMIZATION_LEVEL = "-Onone";
			};
			name = Debug;
		};
		85D46F112529BAFE00462A6D /* Release */ = {
			isa = XCBuildConfiguration;
			buildSettings = {
				ALWAYS_SEARCH_USER_PATHS = NO;
				CLANG_ANALYZER_NONNULL = YES;
				CLANG_ANALYZER_NUMBER_OBJECT_CONVERSION = YES_AGGRESSIVE;
				CLANG_CXX_LANGUAGE_STANDARD = "gnu++14";
				CLANG_CXX_LIBRARY = "libc++";
				CLANG_ENABLE_MODULES = YES;
				CLANG_ENABLE_OBJC_ARC = YES;
				CLANG_ENABLE_OBJC_WEAK = YES;
				CLANG_WARN_BLOCK_CAPTURE_AUTORELEASING = YES;
				CLANG_WARN_BOOL_CONVERSION = YES;
				CLANG_WARN_COMMA = YES;
				CLANG_WARN_CONSTANT_CONVERSION = YES;
				CLANG_WARN_DEPRECATED_OBJC_IMPLEMENTATIONS = YES;
				CLANG_WARN_DIRECT_OBJC_ISA_USAGE = YES_ERROR;
				CLANG_WARN_DOCUMENTATION_COMMENTS = YES;
				CLANG_WARN_EMPTY_BODY = YES;
				CLANG_WARN_ENUM_CONVERSION = YES;
				CLANG_WARN_INFINITE_RECURSION = YES;
				CLANG_WARN_INT_CONVERSION = YES;
				CLANG_WARN_NON_LITERAL_NULL_CONVERSION = YES;
				CLANG_WARN_OBJC_IMPLICIT_RETAIN_SELF = YES;
				CLANG_WARN_OBJC_LITERAL_CONVERSION = YES;
				CLANG_WARN_OBJC_ROOT_CLASS = YES_ERROR;
				CLANG_WARN_RANGE_LOOP_ANALYSIS = YES;
				CLANG_WARN_STRICT_PROTOTYPES = YES;
				CLANG_WARN_SUSPICIOUS_MOVE = YES;
				CLANG_WARN_UNGUARDED_AVAILABILITY = YES_AGGRESSIVE;
				CLANG_WARN_UNREACHABLE_CODE = YES;
				CLANG_WARN__DUPLICATE_METHOD_MATCH = YES;
				COPY_PHASE_STRIP = NO;
				DEBUG_INFORMATION_FORMAT = "dwarf-with-dsym";
				ENABLE_NS_ASSERTIONS = NO;
				ENABLE_STRICT_OBJC_MSGSEND = YES;
				GCC_C_LANGUAGE_STANDARD = gnu11;
				GCC_NO_COMMON_BLOCKS = YES;
				GCC_WARN_64_TO_32_BIT_CONVERSION = YES;
				GCC_WARN_ABOUT_RETURN_TYPE = YES_ERROR;
				GCC_WARN_UNDECLARED_SELECTOR = YES;
				GCC_WARN_UNINITIALIZED_AUTOS = YES_AGGRESSIVE;
				GCC_WARN_UNUSED_FUNCTION = YES;
				GCC_WARN_UNUSED_VARIABLE = YES;
				IPHONEOS_DEPLOYMENT_TARGET = 13.6;
				MTL_ENABLE_DEBUG_INFO = NO;
				MTL_FAST_MATH = YES;
				SDKROOT = iphoneos;
				SWIFT_COMPILATION_MODE = wholemodule;
				SWIFT_OPTIMIZATION_LEVEL = "-O";
				VALIDATE_PRODUCT = YES;
			};
			name = Release;
		};
		85D46F132529BAFE00462A6D /* Debug */ = {
			isa = XCBuildConfiguration;
			buildSettings = {
				ASSETCATALOG_COMPILER_APPICON_NAME = AppIcon;
				CODE_SIGN_STYLE = Automatic;
				INFOPLIST_FILE = DemoMVVM/Info.plist;
				LD_RUNPATH_SEARCH_PATHS = (
					"$(inherited)",
					"@executable_path/Frameworks",
				);
				PRODUCT_BUNDLE_IDENTIFIER = github.DemoMVVM;
				PRODUCT_NAME = "$(TARGET_NAME)";
				SWIFT_VERSION = 5.0;
				TARGETED_DEVICE_FAMILY = "1,2";
			};
			name = Debug;
		};
		85D46F142529BAFE00462A6D /* Release */ = {
			isa = XCBuildConfiguration;
			buildSettings = {
				ASSETCATALOG_COMPILER_APPICON_NAME = AppIcon;
				CODE_SIGN_STYLE = Automatic;
				INFOPLIST_FILE = DemoMVVM/Info.plist;
				LD_RUNPATH_SEARCH_PATHS = (
					"$(inherited)",
					"@executable_path/Frameworks",
				);
				PRODUCT_BUNDLE_IDENTIFIER = github.DemoMVVM;
				PRODUCT_NAME = "$(TARGET_NAME)";
				SWIFT_VERSION = 5.0;
				TARGETED_DEVICE_FAMILY = "1,2";
			};
			name = Release;
		};
		85D46F162529BAFE00462A6D /* Debug */ = {
			isa = XCBuildConfiguration;
			buildSettings = {
				ALWAYS_EMBED_SWIFT_STANDARD_LIBRARIES = YES;
				BUNDLE_LOADER = "$(TEST_HOST)";
				CODE_SIGN_STYLE = Automatic;
				INFOPLIST_FILE = DemoMVVMTests/Info.plist;
				IPHONEOS_DEPLOYMENT_TARGET = 13.6;
				LD_RUNPATH_SEARCH_PATHS = (
					"$(inherited)",
					"@executable_path/Frameworks",
					"@loader_path/Frameworks",
				);
				PRODUCT_BUNDLE_IDENTIFIER = github.DemoMVVMTests;
				PRODUCT_NAME = "$(TARGET_NAME)";
				SWIFT_VERSION = 5.0;
				TARGETED_DEVICE_FAMILY = "1,2";
				TEST_HOST = "$(BUILT_PRODUCTS_DIR)/DemoMVVM.app/DemoMVVM";
			};
			name = Debug;
		};
		85D46F172529BAFE00462A6D /* Release */ = {
			isa = XCBuildConfiguration;
			buildSettings = {
				ALWAYS_EMBED_SWIFT_STANDARD_LIBRARIES = YES;
				BUNDLE_LOADER = "$(TEST_HOST)";
				CODE_SIGN_STYLE = Automatic;
				INFOPLIST_FILE = DemoMVVMTests/Info.plist;
				IPHONEOS_DEPLOYMENT_TARGET = 13.6;
				LD_RUNPATH_SEARCH_PATHS = (
					"$(inherited)",
					"@executable_path/Frameworks",
					"@loader_path/Frameworks",
				);
				PRODUCT_BUNDLE_IDENTIFIER = github.DemoMVVMTests;
				PRODUCT_NAME = "$(TARGET_NAME)";
				SWIFT_VERSION = 5.0;
				TARGETED_DEVICE_FAMILY = "1,2";
				TEST_HOST = "$(BUILT_PRODUCTS_DIR)/DemoMVVM.app/DemoMVVM";
			};
			name = Release;
		};
/* End XCBuildConfiguration section */

/* Begin XCConfigurationList section */
		85D46EEE2529BAF800462A6D /* Build configuration list for PBXProject "DemoMVVM" */ = {
			isa = XCConfigurationList;
			buildConfigurations = (
				85D46F102529BAFE00462A6D /* Debug */,
				85D46F112529BAFE00462A6D /* Release */,
			);
			defaultConfigurationIsVisible = 0;
			defaultConfigurationName = Release;
		};
		85D46F122529BAFE00462A6D /* Build configuration list for PBXNativeTarget "DemoMVVM" */ = {
			isa = XCConfigurationList;
			buildConfigurations = (
				85D46F132529BAFE00462A6D /* Debug */,
				85D46F142529BAFE00462A6D /* Release */,
			);
			defaultConfigurationIsVisible = 0;
			defaultConfigurationName = Release;
		};
		85D46F152529BAFE00462A6D /* Build configuration list for PBXNativeTarget "DemoMVVMTests" */ = {
			isa = XCConfigurationList;
			buildConfigurations = (
				85D46F162529BAFE00462A6D /* Debug */,
				85D46F172529BAFE00462A6D /* Release */,
			);
			defaultConfigurationIsVisible = 0;
			defaultConfigurationName = Release;
		};
/* End XCConfigurationList section */
	};
	rootObject = 85D46EEB2529BAF800462A6D /* Project object */;
}
